{
    "guzzlehttp/guzzle": {
        "version": "6.5.2"
    },
    "guzzlehttp/promises": {
        "version": "v1.3.1"
    },
    "guzzlehttp/psr7": {
        "version": "1.6.1"
    },
    "ocramius/package-versions": {
        "version": "1.5.1"
    },
    "php": {
        "version": "7.3"
    },
    "psr/http-message": {
        "version": "1.0.1"
    },
    "ralouphie/getallheaders": {
        "version": "3.0.3"
    },
    "sendinblue/api-v3-sdk": {
        "version": "v6.2.0"
    }
}
